hash: aaa3b3279ab7b606fb865474b776c7b810c9bcd1b72e763951fa7c15db260448
updated: 2017-06-08T23:11:00.2966459+03:00
imports:
- name: github.com/cheggaaa/pb
  version: 4a1bf7a97d1348c5b50aabf6e1eb0496ca0a3d33
testImports:
- name: github.com/fatih/color
  version: 570b54cabe6b8eb0bc2dfce68d964677d63b5260
- name: github.com/mattn/go-colorable
  version: d228849504861217f796da67fae4f6e347643f15
- name: github.com/mattn/go-isatty
  version: 57fdcb988a5c543893cc61bce354a6e24ab70022
  repo: https://github.com/mattn/go-isatty
- name: github.com/mattn/go-runewidth
  version: 97311d9f7767e3d6f422ea06661bc2c7a19e8a5d
- name: golang.org/x/sys
  version: e24f485414aeafb646f6fca458b0bf869c0880a1
  repo: https://go.googlesource.com/sys
  subpackages:
  - unix
- name: gopkg.in/cheggaaa/pb.v1
  version: 4a1bf7a97d1348c5b50aabf6e1eb0496ca0a3d33
